{
  "name": "custom-errors-database",
  "version": "0.1.1",
  "lockfileVersion": 1,
  "requires": true,
  "dependencies": {
    "eslint-config-dan-nl": {
      "version": "github:dan-nl/eslint-config-dan-nl#2505467c2a8e5efc7a9e99016ae8ff753581bce3",
      "from": "github:dan-nl/eslint-config-dan-nl",
      "dev": true
    }
  }
}
